
Microsoft Visual Studio Solution File, Format Version 12.00
# Visual Studio Version 16
VisualStudioVersion = 16.0.30114.105
MinimumVisualStudioVersion = 10.0.40219.1
Project("{9A19103F-16F7-4668-BE54-9A1E7A4F7556}") = "PxWebComparerTest", "PxWebComparerTest\PxWebComparerTest.csproj", "{1E72F207-8681-4A68-A7F9-B9C21AB8B5DC}"
EndProject
Project("{9A19103F-16F7-4668-BE54-9A1E7A4F7556}") = "PxWebComparer", "PxWebCombarer\PxWebComparer.csproj", "{1FB2B061-5A88-409C-A9BF-DCCD2BE0B23E}"
EndProject
Global
	GlobalSection(SolutionConfigurationPlatforms) = preSolution
		Debug|Any CPU = Debug|Any CPU
		Release|Any CPU = Release|Any CPU
	EndGlobalSection
	GlobalSection(ProjectConfigurationPlatforms) = postSolution
		{1E72F207-8681-4A68-A7F9-B9C21AB8B5DC}.Debug|Any CPU.ActiveCfg = Debug|Any CPU
		{1E72F207-8681-4A68-A7F9-B9C21AB8B5DC}.Debug|Any CPU.Build.0 = Debug|Any CPU
		{1E72F207-8681-4A68-A7F9-B9C21AB8B5DC}.Release|Any CPU.ActiveCfg = Release|Any CPU
		{1E72F207-8681-4A68-A7F9-B9C21AB8B5DC}.Release|Any CPU.Build.0 = Release|Any CPU
		{1FB2B061-5A88-409C-A9BF-DCCD2BE0B23E}.Debug|Any CPU.ActiveCfg = Debug|Any CPU
		{1FB2B061-5A88-409C-A9BF-DCCD2BE0B23E}.Debug|Any CPU.Build.0 = Debug|Any CPU
		{1FB2B061-5A88-409C-A9BF-DCCD2BE0B23E}.Release|Any CPU.ActiveCfg = Release|Any CPU
		{1FB2B061-5A88-409C-A9BF-DCCD2BE0B23E}.Release|Any CPU.Build.0 = Release|Any CPU
	EndGlobalSection
	GlobalSection(SolutionProperties) = preSolution
		HideSolutionNode = FALSE
	EndGlobalSection
	GlobalSection(ExtensibilityGlobals) = postSolution
		SolutionGuid = {D23ACEED-1EAD-4E48-832D-974077F534DA}
	EndGlobalSection
EndGlobal
